// !$*UTF8*$!
{
	archiveVersion = 1;
	classes = {
	};
	objectVersion = 46;
	objects = {

/* Begin PBXBuildFile section */
		406DBB75155E24D700656D44 /* Foundation.framework in Frameworks */ = {isa = PBXBuildFile; fileRef = 406DBB74155E24D700656D44 /* Foundation.framework */; };
		406DBB77155E24D700656D44 /* UIKit.framework in Frameworks */ = {isa = PBXBuildFile; fileRef = 406DBB76155E24D700656D44 /* UIKit.framework */; };
		406DBB79155E24D700656D44 /* CoreGraphics.framework in Frameworks */ = {isa = PBXBuildFile; fileRef = 406DBB78155E24D700656D44 /* CoreGraphics.framework */; };
		406DBB7B155E24D700656D44 /* AddressBook.framework in Frameworks */ = {isa = PBXBuildFile; fileRef = 406DBB7A155E24D700656D44 /* AddressBook.framework */; };
		406DBB7D155E24D700656D44 /* AddressBookUI.framework in Frameworks */ = {isa = PBXBuildFile; fileRef = 406DBB7C155E24D700656D44 /* AddressBookUI.framework */; };
		406DBB7F155E24D700656D44 /* AudioToolbox.framework in Frameworks */ = {isa = PBXBuildFile; fileRef = 406DBB7E155E24D700656D44 /* AudioToolbox.framework */; };
		406DBB81155E24D700656D44 /* AVFoundation.framework in Frameworks */ = {isa = PBXBuildFile; fileRef = 406DBB80155E24D700656D44 /* AVFoundation.framework */; };
		406DBB83155E24D700656D44 /* CoreLocation.framework in Frameworks */ = {isa = PBXBuildFile; fileRef = 406DBB82155E24D700656D44 /* CoreLocation.framework */; };
		406DBB85155E24D700656D44 /* MediaPlayer.framework in Frameworks */ = {isa = PBXBuildFile; fileRef = 406DBB84155E24D700656D44 /* MediaPlayer.framework */; };
		406DBB87155E24D700656D44 /* QuartzCore.framework in Frameworks */ = {isa = PBXBuildFile; fileRef = 406DBB86155E24D700656D44 /* QuartzCore.framework */; };
		406DBB89155E24D700656D44 /* SystemConfiguration.framework in Frameworks */ = {isa = PBXBuildFile; fileRef = 406DBB88155E24D700656D44 /* SystemConfiguration.framework */; };
		406DBB8B155E24D700656D44 /* MobileCoreServices.framework in Frameworks */ = {isa = PBXBuildFile; fileRef = 406DBB8A155E24D700656D44 /* MobileCoreServices.framework */; };
		406DBB8D155E24D700656D44 /* CoreMedia.framework in Frameworks */ = {isa = PBXBuildFile; fileRef = 406DBB8C155E24D700656D44 /* CoreMedia.framework */; };
		406DBB93155E24D700656D44 /* InfoPlist.strings in Resources */ = {isa = PBXBuildFile; fileRef = 406DBB91155E24D700656D44 /* InfoPlist.strings */; };
		406DBB95155E24D700656D44 /* main.m in Sources */ = {isa = PBXBuildFile; fileRef = 406DBB94155E24D700656D44 /* main.m */; };
		406DBB98155E24D700656D44 /* Cordova.framework in Frameworks */ = {isa = PBXBuildFile; fileRef = 406DBB97155E24D700656D44 /* Cordova.framework */; };
		406DBB9D155E24D700656D44 /* Localizable.strings in Resources */ = {isa = PBXBuildFile; fileRef = 406DBB9B155E24D700656D44 /* Localizable.strings */; };
		406DBBA1155E24D700656D44 /* Localizable.strings in Resources */ = {isa = PBXBuildFile; fileRef = 406DBB9F155E24D700656D44 /* Localizable.strings */; };
		406DBBA5155E24D700656D44 /* Localizable.strings in Resources */ = {isa = PBXBuildFile; fileRef = 406DBBA3155E24D700656D44 /* Localizable.strings */; };
		406DBBA9155E24D700656D44 /* Localizable.strings in Resources */ = {isa = PBXBuildFile; fileRef = 406DBBA7155E24D700656D44 /* Localizable.strings */; };
		406DBBAC155E24D700656D44 /* icon.png in Resources */ = {isa = PBXBuildFile; fileRef = 406DBBAB155E24D700656D44 /* icon.png */; };
		406DBBAE155E24D700656D44 /* icon@2x.png in Resources */ = {isa = PBXBuildFile; fileRef = 406DBBAD155E24D700656D44 /* icon@2x.png */; };
		406DBBB0155E24D700656D44 /* icon-72.png in Resources */ = {isa = PBXBuildFile; fileRef = 406DBBAF155E24D700656D44 /* icon-72.png */; };
		406DBBB3155E24D700656D44 /* Default~iphone.png in Resources */ = {isa = PBXBuildFile; fileRef = 406DBBB2155E24D700656D44 /* Default~iphone.png */; };
		406DBBB5155E24D700656D44 /* Default@2x~iphone.png in Resources */ = {isa = PBXBuildFile; fileRef = 406DBBB4155E24D700656D44 /* Default@2x~iphone.png */; };
		406DBBB7155E24D700656D44 /* Capture.bundle in Resources */ = {isa = PBXBuildFile; fileRef = 406DBBB6155E24D700656D44 /* Capture.bundle */; };
		406DBBB9155E24D700656D44 /* Cordova.plist in Resources */ = {isa = PBXBuildFile; fileRef = 406DBBB8155E24D700656D44 /* Cordova.plist */; };
		406DBBBD155E24D700656D44 /* AppDelegate.m in Sources */ = {isa = PBXBuildFile; fileRef = 406DBBBC155E24D700656D44 /* AppDelegate.m */; };
		406DBBC0155E24D700656D44 /* MainViewController.m in Sources */ = {isa = PBXBuildFile; fileRef = 406DBBBF155E24D700656D44 /* MainViewController.m */; };
		406DBBC2155E24D700656D44 /* MainViewController.xib in Resources */ = {isa = PBXBuildFile; fileRef = 406DBBC1155E24D700656D44 /* MainViewController.xib */; };
		406DBBC6155E24D700656D44 /* verify.sh in Resources */ = {isa = PBXBuildFile; fileRef = 406DBBC5155E24D700656D44 /* verify.sh */; };
/* End PBXBuildFile section */

/* Begin PBXFileReference section */
		406DBB70155E24D700656D44 /* pick-a-letter.app */ = {isa = PBXFileReference; explicitFileType = wrapper.application; includeInIndex = 0; path = "pick-a-letter.app"; sourceTree = BUILT_PRODUCTS_DIR; };
		406DBB74155E24D700656D44 /* Foundation.framework */ = {isa = PBXFileReference; lastKnownFileType = wrapper.framework; name = Foundation.framework; path = System/Library/Frameworks/Foundation.framework; sourceTree = SDKROOT; };
		406DBB76155E24D700656D44 /* UIKit.framework */ = {isa = PBXFileReference; lastKnownFileType = wrapper.framework; name = UIKit.framework; path = System/Library/Frameworks/UIKit.framework; sourceTree = SDKROOT; };
		406DBB78155E24D700656D44 /* CoreGraphics.framework */ = {isa = PBXFileReference; lastKnownFileType = wrapper.framework; name = CoreGraphics.framework; path = System/Library/Frameworks/CoreGraphics.framework; sourceTree = SDKROOT; };
		406DBB7A155E24D700656D44 /* AddressBook.framework */ = {isa = PBXFileReference; lastKnownFileType = wrapper.framework; name = AddressBook.framework; path = System/Library/Frameworks/AddressBook.framework; sourceTree = SDKROOT; };
		406DBB7C155E24D700656D44 /* AddressBookUI.framework */ = {isa = PBXFileReference; lastKnownFileType = wrapper.framework; name = AddressBookUI.framework; path = System/Library/Frameworks/AddressBookUI.framework; sourceTree = SDKROOT; };
		406DBB7E155E24D700656D44 /* AudioToolbox.framework */ = {isa = PBXFileReference; lastKnownFileType = wrapper.framework; name = AudioToolbox.framework; path = System/Library/Frameworks/AudioToolbox.framework; sourceTree = SDKROOT; };
		406DBB80155E24D700656D44 /* AVFoundation.framework */ = {isa = PBXFileReference; lastKnownFileType = wrapper.framework; name = AVFoundation.framework; path = System/Library/Frameworks/AVFoundation.framework; sourceTree = SDKROOT; };
		406DBB82155E24D700656D44 /* CoreLocation.framework */ = {isa = PBXFileReference; lastKnownFileType = wrapper.framework; name = CoreLocation.framework; path = System/Library/Frameworks/CoreLocation.framework; sourceTree = SDKROOT; };
		406DBB84155E24D700656D44 /* MediaPlayer.framework */ = {isa = PBXFileReference; lastKnownFileType = wrapper.framework; name = MediaPlayer.framework; path = System/Library/Frameworks/MediaPlayer.framework; sourceTree = SDKROOT; };
		406DBB86155E24D700656D44 /* QuartzCore.framework */ = {isa = PBXFileReference; lastKnownFileType = wrapper.framework; name = QuartzCore.framework; path = System/Library/Frameworks/QuartzCore.framework; sourceTree = SDKROOT; };
		406DBB88155E24D700656D44 /* SystemConfiguration.framework */ = {isa = PBXFileReference; lastKnownFileType = wrapper.framework; name = SystemConfiguration.framework; path = System/Library/Frameworks/SystemConfiguration.framework; sourceTree = SDKROOT; };
		406DBB8A155E24D700656D44 /* MobileCoreServices.framework */ = {isa = PBXFileReference; lastKnownFileType = wrapper.framework; name = MobileCoreServices.framework; path = System/Library/Frameworks/MobileCoreServices.framework; sourceTree = SDKROOT; };
		406DBB8C155E24D700656D44 /* CoreMedia.framework */ = {isa = PBXFileReference; lastKnownFileType = wrapper.framework; name = CoreMedia.framework; path = System/Library/Frameworks/CoreMedia.framework; sourceTree = SDKROOT; };
		406DBB90155E24D700656D44 /* pick-a-letter-Info.plist */ = {isa = PBXFileReference; path = "pick-a-letter-Info.plist"; sourceTree = "<group>"; };
		406DBB92155E24D700656D44 /* en */ = {isa = PBXFileReference; lastKnownFileType = text.plist.strings; name = en; path = en.lproj/InfoPlist.strings; sourceTree = "<group>"; };
		406DBB94155E24D700656D44 /* main.m */ = {isa = PBXFileReference; lastKnownFileType = sourcecode.c.objc; path = main.m; sourceTree = "<group>"; };
		406DBB96155E24D700656D44 /* pick-a-letter-Prefix.pch */ = {isa = PBXFileReference; path = "pick-a-letter-Prefix.pch"; sourceTree = "<group>"; };
		406DBB97155E24D700656D44 /* Cordova.framework */ = {isa = PBXFileReference; lastKnownFileType = wrapper.framework; name = Cordova.framework; path = /Users/Shared/Cordova/Frameworks/Cordova.framework; sourceTree = "<absolute>"; };
		406DBB9C155E24D700656D44 /* en */ = {isa = PBXFileReference; lastKnownFileType = text.plist.strings; name = en; path = Resources/en.lproj/Localizable.strings; sourceTree = "<group>"; };
		406DBBA0155E24D700656D44 /* es */ = {isa = PBXFileReference; lastKnownFileType = text.plist.strings; name = es; path = Resources/es.lproj/Localizable.strings; sourceTree = "<group>"; };
		406DBBA4155E24D700656D44 /* de */ = {isa = PBXFileReference; lastKnownFileType = text.plist.strings; name = de; path = Resources/de.lproj/Localizable.strings; sourceTree = "<group>"; };
		406DBBA8155E24D700656D44 /* se */ = {isa = PBXFileReference; lastKnownFileType = text.plist.strings; name = se; path = Resources/se.lproj/Localizable.strings; sourceTree = "<group>"; };
		406DBBAB155E24D700656D44 /* icon.png */ = {isa = PBXFileReference; lastKnownFileType = image.png; name = icon.png; path = Resources/icons/icon.png; sourceTree = "<group>"; };
		406DBBAD155E24D700656D44 /* icon@2x.png */ = {isa = PBXFileReference; lastKnownFileType = image.png; name = "icon@2x.png"; path = "Resources/icons/icon@2x.png"; sourceTree = "<group>"; };
		406DBBAF155E24D700656D44 /* icon-72.png */ = {isa = PBXFileReference; lastKnownFileType = image.png; name = "icon-72.png"; path = "Resources/icons/icon-72.png"; sourceTree = "<group>"; };
		406DBBB2155E24D700656D44 /* Default~iphone.png */ = {isa = PBXFileReference; lastKnownFileType = image.png; name = "Default~iphone.png"; path = "Resources/splash/Default~iphone.png"; sourceTree = "<group>"; };
		406DBBB4155E24D700656D44 /* Default@2x~iphone.png */ = {isa = PBXFileReference; lastKnownFileType = image.png; name = "Default@2x~iphone.png"; path = "Resources/splash/Default@2x~iphone.png"; sourceTree = "<group>"; };
		406DBBB6155E24D700656D44 /* Capture.bundle */ = {isa = PBXFileReference; lastKnownFileType = "wrapper.plug-in"; name = Capture.bundle; path = Resources/Capture.bundle; sourceTree = "<group>"; };
		406DBBB8155E24D700656D44 /* Cordova.plist */ = {isa = PBXFileReference; lastKnownFileType = text.plist.xml; path = Cordova.plist; sourceTree = "<group>"; };
		406DBBBB155E24D700656D44 /* AppDelegate.h */ = {isa = PBXFileReference; name = AppDelegate.h; path = Classes/AppDelegate.h; sourceTree = "<group>"; };
		406DBBBC155E24D700656D44 /* AppDelegate.m */ = {isa = PBXFileReference; lastKnownFileType = sourcecode.c.objc; name = AppDelegate.m; path = Classes/AppDelegate.m; sourceTree = "<group>"; };
		406DBBBE155E24D700656D44 /* MainViewController.h */ = {isa = PBXFileReference; name = MainViewController.h; path = Classes/MainViewController.h; sourceTree = "<group>"; };
		406DBBBF155E24D700656D44 /* MainViewController.m */ = {isa = PBXFileReference; lastKnownFileType = sourcecode.c.objc; name = MainViewController.m; path = Classes/MainViewController.m; sourceTree = "<group>"; };
		406DBBC1155E24D700656D44 /* MainViewController.xib */ = {isa = PBXFileReference; lastKnownFileType = file.xib; name = MainViewController.xib; path = Classes/MainViewController.xib; sourceTree = "<group>"; };
		406DBBC4155E24D700656D44 /* README */ = {isa = PBXFileReference; name = README; path = Plugins/README; sourceTree = "<group>"; };
		406DBBC5155E24D700656D44 /* verify.sh */ = {isa = PBXFileReference; lastKnownFileType = text.script.sh; path = verify.sh; sourceTree = "<group>"; };
/* End PBXFileReference section */

/* Begin PBXFrameworksBuildPhase section */
		406DBB6A155E24D700656D44 /* Frameworks */ = {
			isa = PBXFrameworksBuildPhase;
			buildActionMask = 2147483647;
			files = (
				406DBB75155E24D700656D44 /* Foundation.framework in Frameworks */,
				406DBB77155E24D700656D44 /* UIKit.framework in Frameworks */,
				406DBB79155E24D700656D44 /* CoreGraphics.framework in Frameworks */,
				406DBB7B155E24D700656D44 /* AddressBook.framework in Frameworks */,
				406DBB7D155E24D700656D44 /* AddressBookUI.framework in Frameworks */,
				406DBB7F155E24D700656D44 /* AudioToolbox.framework in Frameworks */,
				406DBB81155E24D700656D44 /* AVFoundation.framework in Frameworks */,
				406DBB83155E24D700656D44 /* CoreLocation.framework in Frameworks */,
				406DBB85155E24D700656D44 /* MediaPlayer.framework in Frameworks */,
				406DBB87155E24D700656D44 /* QuartzCore.framework in Frameworks */,
				406DBB89155E24D700656D44 /* SystemConfiguration.framework in Frameworks */,
				406DBB8B155E24D700656D44 /* MobileCoreServices.framework in Frameworks */,
				406DBB8D155E24D700656D44 /* CoreMedia.framework in Frameworks */,
				406DBB98155E24D700656D44 /* Cordova.framework in Frameworks */,
			);
			runOnlyForDeploymentPostprocessing = 0;
		};
		406DBB6D155E24D700656D44 /* Frameworks */ = {
			isa = PBXFrameworksBuildPhase;
			buildActionMask = 2147483647;
			files = (
			);
			runOnlyForDeploymentPostprocessing = 0;
		};
/* End PBXFrameworksBuildPhase section */

/* Begin PBXGroup section */
		406DBB62155E24D700656D44 = {
			isa = PBXGroup;
			children = (
				406DBB8E155E24D700656D44 /* pick-a-letter */,
				406DBB73155E24D700656D44 /* Frameworks */,
				406DBB71155E24D700656D44 /* Products */,
			);
			sourceTree = "<group>";
		};
		406DBB71155E24D700656D44 /* Products */ = {
			isa = PBXGroup;
			children = (
				406DBB70155E24D700656D44 /* pick-a-letter.app */,
			);
			name = Products;
			sourceTree = "<group>";
		};
		406DBB73155E24D700656D44 /* Frameworks */ = {
			isa = PBXGroup;
			children = (
				406DBB74155E24D700656D44 /* Foundation.framework */,
				406DBB76155E24D700656D44 /* UIKit.framework */,
				406DBB78155E24D700656D44 /* CoreGraphics.framework */,
				406DBB7A155E24D700656D44 /* AddressBook.framework */,
				406DBB7C155E24D700656D44 /* AddressBookUI.framework */,
				406DBB7E155E24D700656D44 /* AudioToolbox.framework */,
				406DBB80155E24D700656D44 /* AVFoundation.framework */,
				406DBB82155E24D700656D44 /* CoreLocation.framework */,
				406DBB84155E24D700656D44 /* MediaPlayer.framework */,
				406DBB86155E24D700656D44 /* QuartzCore.framework */,
				406DBB88155E24D700656D44 /* SystemConfiguration.framework */,
				406DBB8A155E24D700656D44 /* MobileCoreServices.framework */,
				406DBB8C155E24D700656D44 /* CoreMedia.framework */,
			);
			name = Frameworks;
			sourceTree = "<group>";
		};
		406DBB8E155E24D700656D44 /* pick-a-letter */ = {
			isa = PBXGroup;
			children = (
				406DBB97155E24D700656D44 /* Cordova.framework */,
				406DBB99155E24D700656D44 /* Resources */,
				406DBBBA155E24D700656D44 /* Classes */,
				406DBBC3155E24D700656D44 /* Plugins */,
				406DBB8F155E24D700656D44 /* Supporting Files */,
			);
			path = "pick-a-letter";
			sourceTree = "<group>";
		};
		406DBB8F155E24D700656D44 /* Supporting Files */ = {
			isa = PBXGroup;
			children = (
				406DBB90155E24D700656D44 /* pick-a-letter-Info.plist */,
				406DBB91155E24D700656D44 /* InfoPlist.strings */,
				406DBB94155E24D700656D44 /* main.m */,
				406DBB96155E24D700656D44 /* pick-a-letter-Prefix.pch */,
				406DBBB8155E24D700656D44 /* Cordova.plist */,
				406DBBC1155E24D700656D44 /* MainViewController.xib */,
				406DBBC5155E24D700656D44 /* verify.sh */,
			);
			name = "Supporting Files";
			sourceTree = "<group>";
		};
		406DBB99155E24D700656D44 /* Resources */ = {
			isa = PBXGroup;
			children = (
				406DBBB6155E24D700656D44 /* Capture.bundle */,
				406DBB9A155E24D700656D44 /* en.lproj */,
				406DBB9E155E24D700656D44 /* es.lproj */,
				406DBBA2155E24D700656D44 /* de.lproj */,
				406DBBA6155E24D700656D44 /* se.lproj */,
				406DBBAA155E24D700656D44 /* icons */,
				406DBBB1155E24D700656D44 /* splash */,
			);
			name = Resources;
			sourceTree = "<group>";
		};
		406DBB9A155E24D700656D44 /* en.lproj */ = {
			isa = PBXGroup;
			children = (
				406DBB9B155E24D700656D44 /* Localizable.strings */,
			);
			name = en.lproj;
			sourceTree = "<group>";
		};
		406DBB9E155E24D700656D44 /* es.lproj */ = {
			isa = PBXGroup;
			children = (
				406DBB9F155E24D700656D44 /* Localizable.strings */,
			);
			name = es.lproj;
			sourceTree = "<group>";
		};
		406DBBA2155E24D700656D44 /* de.lproj */ = {
			isa = PBXGroup;
			children = (
				406DBBA3155E24D700656D44 /* Localizable.strings */,
			);
			name = de.lproj;
			sourceTree = "<group>";
		};
		406DBBA6155E24D700656D44 /* se.lproj */ = {
			isa = PBXGroup;
			children = (
				406DBBA7155E24D700656D44 /* Localizable.strings */,
			);
			name = se.lproj;
			sourceTree = "<group>";
		};
		406DBBAA155E24D700656D44 /* icons */ = {
			isa = PBXGroup;
			children = (
				406DBBAB155E24D700656D44 /* icon.png */,
				406DBBAD155E24D700656D44 /* icon@2x.png */,
				406DBBAF155E24D700656D44 /* icon-72.png */,
			);
			name = icons;
			sourceTree = "<group>";
		};
		406DBBB1155E24D700656D44 /* splash */ = {
			isa = PBXGroup;
			children = (
				406DBBB2155E24D700656D44 /* Default~iphone.png */,
				406DBBB4155E24D700656D44 /* Default@2x~iphone.png */,
			);
			name = splash;
			sourceTree = "<group>";
		};
		406DBBBA155E24D700656D44 /* Classes */ = {
			isa = PBXGroup;
			children = (
				406DBBBB155E24D700656D44 /* AppDelegate.h */,
				406DBBBC155E24D700656D44 /* AppDelegate.m */,
				406DBBBE155E24D700656D44 /* MainViewController.h */,
				406DBBBF155E24D700656D44 /* MainViewController.m */,
			);
			name = Classes;
			sourceTree = "<group>";
		};
		406DBBC3155E24D700656D44 /* Plugins */ = {
			isa = PBXGroup;
			children = (
				406DBBC4155E24D700656D44 /* README */,
			);
			name = Plugins;
			sourceTree = "<group>";
		};
/* End PBXGroup section */

/* Begin PBXNativeTarget section */
		406DBB6F155E24D700656D44 /* pick-a-letter */ = {
			isa = PBXNativeTarget;
			buildConfigurationList = 406DBBC9155E24D700656D44 /* Build configuration list for PBXNativeTarget "pick-a-letter" */;
			buildPhases = (
				406DBB69155E24D700656D44 /* Sources */,
				406DBB6A155E24D700656D44 /* Frameworks */,
				406DBB6B155E24D700656D44 /* Resources */,
				406DBB6C155E24D700656D44 /* Sources */,
				406DBB6D155E24D700656D44 /* Frameworks */,
				406DBB6E155E24D700656D44 /* ShellScript */,
			);
			buildRules = (
			);
			dependencies = (
			);
			name = "pick-a-letter";
			productName = "pick-a-letter";
			productReference = 406DBB70155E24D700656D44 /* pick-a-letter.app */;
			productType = "com.apple.product-type.application";
		};
/* End PBXNativeTarget section */

/* Begin PBXProject section */
		406DBB64155E24D700656D44 /* Project object */ = {
			isa = PBXProject;
			attributes = {
				LastUpgradeCheck = 0430;
			};
			buildConfigurationList = 406DBB67155E24D700656D44 /* Build configuration list for PBXProject "pick-a-letter" */;
			compatibilityVersion = "Xcode 3.2";
			developmentRegion = English;
			hasScannedForEncodings = 0;
			knownRegions = (
				en,
				es,
				de,
				se,
			);
			mainGroup = 406DBB62155E24D700656D44;
			productRefGroup = 406DBB71155E24D700656D44 /* Products */;
			projectDirPath = "";
			projectRoot = "";
			targets = (
				406DBB6F155E24D700656D44 /* pick-a-letter */,
			);
		};
/* End PBXProject section */

/* Begin PBXResourcesBuildPhase section */
		406DBB6B155E24D700656D44 /* Resources */ = {
			isa = PBXResourcesBuildPhase;
			buildActionMask = 2147483647;
			files = (
				406DBB93155E24D700656D44 /* InfoPlist.strings in Resources */,
				406DBB9D155E24D700656D44 /* Localizable.strings in Resources */,
				406DBBA1155E24D700656D44 /* Localizable.strings in Resources */,
				406DBBA5155E24D700656D44 /* Localizable.strings in Resources */,
				406DBBA9155E24D700656D44 /* Localizable.strings in Resources */,
				406DBBAC155E24D700656D44 /* icon.png in Resources */,
				406DBBAE155E24D700656D44 /* icon@2x.png in Resources */,
				406DBBB0155E24D700656D44 /* icon-72.png in Resources */,
				406DBBB3155E24D700656D44 /* Default~iphone.png in Resources */,
				406DBBB5155E24D700656D44 /* Default@2x~iphone.png in Resources */,
				406DBBB7155E24D700656D44 /* Capture.bundle in Resources */,
				406DBBB9155E24D700656D44 /* Cordova.plist in Resources */,
				406DBBC2155E24D700656D44 /* MainViewController.xib in Resources */,
				406DBBC6155E24D700656D44 /* verify.sh in Resources */,
			);
			runOnlyForDeploymentPostprocessing = 0;
		};
/* End PBXResourcesBuildPhase section */

/* Begin PBXShellScriptBuildPhase section */
		406DBB6E155E24D700656D44 /* ShellScript */ = {
			isa = PBXShellScriptBuildPhase;
			buildActionMask = 2147483647;
			files = (
			);
			inputPaths = (
			);
			outputPaths = (
			);
			runOnlyForDeploymentPostprocessing = 0;
			shellPath = /bin/bash;
			shellScript = "\n\t\t\t\t\t\t\t\tchmod 755 \"$PROJECT_DIR/$PROJECT_NAME/verify.sh\"\n\t\t\t\t\t\t\t\t\"$PROJECT_DIR/$PROJECT_NAME/verify.sh\"\n\t\t\t\t\t";
		};
/* End PBXShellScriptBuildPhase section */

/* Begin PBXSourcesBuildPhase section */
		406DBB69155E24D700656D44 /* Sources */ = {
			isa = PBXSourcesBuildPhase;
			buildActionMask = 2147483647;
			files = (
				406DBB95155E24D700656D44 /* main.m in Sources */,
				406DBBBD155E24D700656D44 /* AppDelegate.m in Sources */,
				406DBBC0155E24D700656D44 /* MainViewController.m in Sources */,
			);
			runOnlyForDeploymentPostprocessing = 0;
		};
		406DBB6C155E24D700656D44 /* Sources */ = {
			isa = PBXSourcesBuildPhase;
			buildActionMask = 2147483647;
			files = (
			);
			runOnlyForDeploymentPostprocessing = 0;
		};
/* End PBXSourcesBuildPhase section */

/* Begin PBXVariantGroup section */
		406DBB91155E24D700656D44 /* InfoPlist.strings */ = {
			isa = PBXVariantGroup;
			children = (
				406DBB92155E24D700656D44 /* en */,
			);
			name = InfoPlist.strings;
			sourceTree = "<group>";
		};
		406DBB9B155E24D700656D44 /* Localizable.strings */ = {
			isa = PBXVariantGroup;
			children = (
				406DBB9C155E24D700656D44 /* en */,
			);
			name = Localizable.strings;
			sourceTree = "<group>";
		};
		406DBB9F155E24D700656D44 /* Localizable.strings */ = {
			isa = PBXVariantGroup;
			children = (
				406DBBA0155E24D700656D44 /* es */,
			);
			name = Localizable.strings;
			sourceTree = "<group>";
		};
		406DBBA3155E24D700656D44 /* Localizable.strings */ = {
			isa = PBXVariantGroup;
			children = (
				406DBBA4155E24D700656D44 /* de */,
			);
			name = Localizable.strings;
			sourceTree = "<group>";
		};
		406DBBA7155E24D700656D44 /* Localizable.strings */ = {
			isa = PBXVariantGroup;
			children = (
				406DBBA8155E24D700656D44 /* se */,
			);
			name = Localizable.strings;
			sourceTree = "<group>";
		};
/* End PBXVariantGroup section */

/* Begin XCBuildConfiguration section */
		406DBBC7155E24D700656D44 /* Debug */ = {
			isa = XCBuildConfiguration;
			buildSettings = {
				ALWAYS_SEARCH_USER_PATHS = NO;
				ARCHS = (
					armv6,
					"$(ARCHS_STANDARD_32_BIT)",
				);
				"CODE_SIGN_IDENTITY[sdk=iphoneos*]" = "iPhone Developer";
				COPY_PHASE_STRIP = NO;
				GCC_C_LANGUAGE_STANDARD = gnu99;
				GCC_DYNAMIC_NO_PIC = NO;
				GCC_OPTIMIZATION_LEVEL = 0;
				GCC_PREPROCESSOR_DEFINITIONS = (
					"DEBUG=1",
					"$(inherited)",
				);
				GCC_SYMBOLS_PRIVATE_EXTERN = NO;
				GCC_VERSION = com.apple.compilers.llvm.clang.1_0;
				GCC_WARN_ABOUT_RETURN_TYPE = YES;
				GCC_WARN_UNINITIALIZED_AUTOS = YES;
				GCC_WARN_UNUSED_VARIABLE = YES;
				IPHONEOS_DEPLOYMENT_TARGET = 3.0;
				SDKROOT = iphoneos;
			};
			name = Debug;
		};
		406DBBC8155E24D700656D44 /* Release */ = {
			isa = XCBuildConfiguration;
			buildSettings = {
				ALWAYS_SEARCH_USER_PATHS = NO;
				ARCHS = (
					armv6,
					"$(ARCHS_STANDARD_32_BIT)",
				);
				"CODE_SIGN_IDENTITY[sdk=iphoneos*]" = "iPhone Developer";
				COPY_PHASE_STRIP = YES;
				GCC_C_LANGUAGE_STANDARD = gnu99;
				GCC_VERSION = com.apple.compilers.llvm.clang.1_0;
				GCC_WARN_ABOUT_RETURN_TYPE = YES;
				GCC_WARN_UNINITIALIZED_AUTOS = YES;
				GCC_WARN_UNUSED_VARIABLE = YES;
				IPHONEOS_DEPLOYMENT_TARGET = 3.0;
				SDKROOT = iphoneos;
				VALIDATE_PRODUCT = YES;
			};
			name = Release;
		};
		406DBBCA155E24D700656D44 /* Debug */ = {
			isa = XCBuildConfiguration;
			buildSettings = {
				ALWAYS_SEARCH_USER_PATHS = YES;
				COPY_PHASE_STRIP = NO;
				FRAMEWORK_SEARCH_PATHS = /Users/Shared/Cordova/Frameworks;
				GCC_DYNAMIC_NO_PIC = NO;
				GCC_PRECOMPILE_PREFIX_HEADER = YES;
				GCC_PREFIX_HEADER = "pick-a-letter/pick-a-letter-Prefix.pch";
				GCC_PREPROCESSOR_DEFINITIONS = (
					"DEBUG=1,",
					"CORDOVA_FRAMEWORK=1",
				);
				INFOPLIST_FILE = "pick-a-letter/pick-a-letter-Info.plist";
				OTHER_LDFLAGS = (
					"-weak_framework",
					UIKit,
					"-weak_framework",
					AVFoundation,
					"-weak_framework",
					CoreMedia,
					"-weak_library",
					/usr/lib/libSystem.B.dylib,
				);
				PRODUCT_NAME = "$(TARGET_NAME)";
				TARGETED_DEVICE_FAMILY = "1,2";
				WRAPPER_EXTENSION = app;
			};
			name = Debug;
		};
		406DBBCB155E24D700656D44 /* Release */ = {
			isa = XCBuildConfiguration;
			buildSettings = {
				ALWAYS_SEARCH_USER_PATHS = YES;
				COPY_PHASE_STRIP = YES;
				DEBUG_INFORMATION_FORMAT = "dwarf-with-dsym";
				FRAMEWORK_SEARCH_PATHS = /Users/Shared/Cordova/Frameworks;
				GCC_PRECOMPILE_PREFIX_HEADER = YES;
				GCC_PREFIX_HEADER = "pick-a-letter/pick-a-letter-Prefix.pch";
				GCC_PREPROCESSOR_DEFINITIONS = (
					"NDEBUG=1,",
					"CORDOVA_FRAMEWORK=1",
				);
				INFOPLIST_FILE = "pick-a-letter/pick-a-letter-Info.plist";
				OTHER_LDFLAGS = (
					"-weak_framework",
					UIKit,
					"-weak_framework",
					AVFoundation,
					"-weak_framework",
					CoreMedia,
					"-weak_library",
					/usr/lib/libSystem.B.dylib,
				);
				PRODUCT_NAME = "$(TARGET_NAME)";
				TARGETED_DEVICE_FAMILY = "1,2";
				VALIDATE_PRODUCT = YES;
				WRAPPER_EXTENSION = app;
			};
			name = Release;
		};
/* End XCBuildConfiguration section */

/* Begin XCConfigurationList section */
		406DBB67155E24D700656D44 /* Build configuration list for PBXProject "pick-a-letter" */ = {
			isa = XCConfigurationList;
			buildConfigurations = (
				406DBBC7155E24D700656D44 /* Debug */,
				406DBBC8155E24D700656D44 /* Release */,
			);
			defaultConfigurationIsVisible = 0;
			defaultConfigurationName = Release;
		};
		406DBBC9155E24D700656D44 /* Build configuration list for PBXNativeTarget "pick-a-letter" */ = {
			isa = XCConfigurationList;
			buildConfigurations = (
				406DBBCA155E24D700656D44 /* Debug */,
				406DBBCB155E24D700656D44 /* Release */,
			);
			defaultConfigurationIsVisible = 0;
		};
/* End XCConfigurationList section */
	};
	rootObject = 406DBB64155E24D700656D44 /* Project object */;
}
